
Microsoft Visual Studio Solution File, Format Version 12.00
# Visual Studio Version 17
VisualStudioVersion = 17.3.32825.248
MinimumVisualStudioVersion = 10.0.40219.1
Project("{9A19103F-16F7-4668-BE54-9A1E7A4F7556}") = "FA.JustBlog.UnitTest", "FA.JustBlog.UnitTest\FA.JustBlog.UnitTest.csproj", "{6F51C4E4-47E5-4D19-84DE-ECB5B5D3B7A7}"
EndProject
Project("{9A19103F-16F7-4668-BE54-9A1E7A4F7556}") = "FA.JustBlog.Core", "FA.JustBlog.Core\FA.JustBlog.Core.csproj", "{18EFF792-5ADA-4C02-9501-8504A8CD22F7}"
EndProject
Project("{FAE04EC0-301F-11D3-BF4B-00C04F79EFBC}") = "FA.JustBlog.Console", "FA.JustBlog.Console\FA.JustBlog.Console.csproj", "{11A59446-BB83-45CA-A2B2-42F58F59D8A2}"
EndProject
Global
	GlobalSection(SolutionConfigurationPlatforms) = preSolution
		Debug|Any CPU = Debug|Any CPU
		Release|Any CPU = Release|Any CPU
	EndGlobalSection
	GlobalSection(ProjectConfigurationPlatforms) = postSolution
		{6F51C4E4-47E5-4D19-84DE-ECB5B5D3B7A7}.Debug|Any CPU.ActiveCfg = Debug|Any CPU
		{6F51C4E4-47E5-4D19-84DE-ECB5B5D3B7A7}.Debug|Any CPU.Build.0 = Debug|Any CPU
		{6F51C4E4-47E5-4D19-84DE-ECB5B5D3B7A7}.Release|Any CPU.ActiveCfg = Release|Any CPU
		{6F51C4E4-47E5-4D19-84DE-ECB5B5D3B7A7}.Release|Any CPU.Build.0 = Release|Any CPU
		{18EFF792-5ADA-4C02-9501-8504A8CD22F7}.Debug|Any CPU.ActiveCfg = Debug|Any CPU
		{18EFF792-5ADA-4C02-9501-8504A8CD22F7}.Debug|Any CPU.Build.0 = Debug|Any CPU
		{18EFF792-5ADA-4C02-9501-8504A8CD22F7}.Release|Any CPU.ActiveCfg = Release|Any CPU
		{18EFF792-5ADA-4C02-9501-8504A8CD22F7}.Release|Any CPU.Build.0 = Release|Any CPU
		{11A59446-BB83-45CA-A2B2-42F58F59D8A2}.Debug|Any CPU.ActiveCfg = Debug|Any CPU
		{11A59446-BB83-45CA-A2B2-42F58F59D8A2}.Debug|Any CPU.Build.0 = Debug|Any CPU
		{11A59446-BB83-45CA-A2B2-42F58F59D8A2}.Release|Any CPU.ActiveCfg = Release|Any CPU
		{11A59446-BB83-45CA-A2B2-42F58F59D8A2}.Release|Any CPU.Build.0 = Release|Any CPU
	EndGlobalSection
	GlobalSection(SolutionProperties) = preSolution
		HideSolutionNode = FALSE
	EndGlobalSection
	GlobalSection(ExtensibilityGlobals) = postSolution
		SolutionGuid = {C698D163-8084-40AF-97CC-13432FC22AF4}
	EndGlobalSection
EndGlobal
